// !$*UTF8*$!
{
	archiveVersion = 1;
	classes = {
	};
	objectVersion = 50;
	objects = {

/* Begin PBXBuildFile section */
		75AE14D2EF07BA22F2AF3433 /* Pods_Combinestagram.framework in Frameworks */ = {isa = PBXBuildFile; fileRef = 0FA616EA7EC0EB34396CA9DD /* Pods_Combinestagram.framework */; };
		C504AD1B215B66C000844C77 /* UIViewController+Rx.swift in Sources */ = {isa = PBXBuildFile; fileRef = C504AD1A215B66C000844C77 /* UIViewController+Rx.swift */; };
		C5648109215445BD00DF102D /* UIImage+Collage.swift in Sources */ = {isa = PBXBuildFile; fileRef = C5648108215445BD00DF102D /* UIImage+Collage.swift */; };
		C564810B2156F26300DF102D /* PhotosViewController.swift in Sources */ = {isa = PBXBuildFile; fileRef = C564810A2156F26300DF102D /* PhotosViewController.swift */; };
		C564810D21583D0F00DF102D /* PhotoCell.swift in Sources */ = {isa = PBXBuildFile; fileRef = C564810C21583D0F00DF102D /* PhotoCell.swift */; };
		C5F1D4BD21543C05004E5D2A /* AppDelegate.swift in Sources */ = {isa = PBXBuildFile; fileRef = C5F1D4BC21543C05004E5D2A /* AppDelegate.swift */; };
		C5F1D4BF21543C05004E5D2A /* MainViewController.swift in Sources */ = {isa = PBXBuildFile; fileRef = C5F1D4BE21543C05004E5D2A /* MainViewController.swift */; };
		C5F1D4C221543C05004E5D2A /* Main.storyboard in Resources */ = {isa = PBXBuildFile; fileRef = C5F1D4C021543C05004E5D2A /* Main.storyboard */; };
		C5F1D4C421543C06004E5D2A /* Assets.xcassets in Resources */ = {isa = PBXBuildFile; fileRef = C5F1D4C321543C06004E5D2A /* Assets.xcassets */; };
		C5F1D4C721543C06004E5D2A /* LaunchScreen.storyboard in Resources */ = {isa = PBXBuildFile; fileRef = C5F1D4C521543C06004E5D2A /* LaunchScreen.storyboard */; };
		C5F691252158DB0100853762 /* PhotoWriter.swift in Sources */ = {isa = PBXBuildFile; fileRef = C5F691242158DB0100853762 /* PhotoWriter.swift */; };
/* End PBXBuildFile section */

/* Begin PBXFileReference section */
		0FA616EA7EC0EB34396CA9DD /* Pods_Combinestagram.framework */ = {isa = PBXFileReference; explicitFileType = wrapper.framework; includeInIndex = 0; path = Pods_Combinestagram.framework; sourceTree = BUILT_PRODUCTS_DIR; };
		5C3BE20CC87CC1B0A87ABAB9 /* Pods-Combinestagram.debug.xcconfig */ = {isa = PBXFileReference; includeInIndex = 1; lastKnownFileType = text.xcconfig; name = "Pods-Combinestagram.debug.xcconfig"; path = "Pods/Target Support Files/Pods-Combinestagram/Pods-Combinestagram.debug.xcconfig"; sourceTree = "<group>"; };
		9F578B1007C5EF4ADDC12E53 /* Pods-Combinestagram.release.xcconfig */ = {isa = PBXFileReference; includeInIndex = 1; lastKnownFileType = text.xcconfig; name = "Pods-Combinestagram.release.xcconfig"; path = "Pods/Target Support Files/Pods-Combinestagram/Pods-Combinestagram.release.xcconfig"; sourceTree = "<group>"; };
		C504AD1A215B66C000844C77 /* UIViewController+Rx.swift */ = {isa = PBXFileReference; lastKnownFileType = sourcecode.swift; path = "UIViewController+Rx.swift"; sourceTree = "<group>"; };
		C5648108215445BD00DF102D /* UIImage+Collage.swift */ = {isa = PBXFileReference; lastKnownFileType = sourcecode.swift; path = "UIImage+Collage.swift"; sourceTree = "<group>"; };
		C564810A2156F26300DF102D /* PhotosViewController.swift */ = {isa = PBXFileReference; lastKnownFileType = sourcecode.swift; path = PhotosViewController.swift; sourceTree = "<group>"; };
		C564810C21583D0F00DF102D /* PhotoCell.swift */ = {isa = PBXFileReference; lastKnownFileType = sourcecode.swift; path = PhotoCell.swift; sourceTree = "<group>"; };
		C5F1D4B921543C05004E5D2A /* Combinestagram.app */ = {isa = PBXFileReference; explicitFileType = wrapper.application; includeInIndex = 0; path = Combinestagram.app; sourceTree = BUILT_PRODUCTS_DIR; };
		C5F1D4BC21543C05004E5D2A /* AppDelegate.swift */ = {isa = PBXFileReference; lastKnownFileType = sourcecode.swift; path = AppDelegate.swift; sourceTree = "<group>"; };
		C5F1D4BE21543C05004E5D2A /* MainViewController.swift */ = {isa = PBXFileReference; lastKnownFileType = sourcecode.swift; path = MainViewController.swift; sourceTree = "<group>"; };
		C5F1D4C121543C05004E5D2A /* Base */ = {isa = PBXFileReference; lastKnownFileType = file.storyboard; name = Base; path = Base.lproj/Main.storyboard; sourceTree = "<group>"; };
		C5F1D4C321543C06004E5D2A /* Assets.xcassets */ = {isa = PBXFileReference; lastKnownFileType = folder.assetcatalog; path = Assets.xcassets; sourceTree = "<group>"; };
		C5F1D4C621543C06004E5D2A /* Base */ = {isa = PBXFileReference; lastKnownFileType = file.storyboard; name = Base; path = Base.lproj/LaunchScreen.storyboard; sourceTree = "<group>"; };
		C5F1D4C821543C06004E5D2A /* Info.plist */ = {isa = PBXFileReference; lastKnownFileType = text.plist.xml; path = Info.plist; sourceTree = "<group>"; };
		C5F691242158DB0100853762 /* PhotoWriter.swift */ = {isa = PBXFileReference; lastKnownFileType = sourcecode.swift; path = PhotoWriter.swift; sourceTree = "<group>"; };
/* End PBXFileReference section */

/* Begin PBXFrameworksBuildPhase section */
		C5F1D4B621543C05004E5D2A /* Frameworks */ = {
			isa = PBXFrameworksBuildPhase;
			buildActionMask = 2147483647;
			files = (
				75AE14D2EF07BA22F2AF3433 /* Pods_Combinestagram.framework in Frameworks */,
			);
			runOnlyForDeploymentPostprocessing = 0;
		};
/* End PBXFrameworksBuildPhase section */

/* Begin PBXGroup section */
		2C1E171787823064C0CD8970 /* Pods */ = {
			isa = PBXGroup;
			children = (
				5C3BE20CC87CC1B0A87ABAB9 /* Pods-Combinestagram.debug.xcconfig */,
				9F578B1007C5EF4ADDC12E53 /* Pods-Combinestagram.release.xcconfig */,
			);
			name = Pods;
			sourceTree = "<group>";
		};
		80BA6797250C908AEE815D18 /* Frameworks */ = {
			isa = PBXGroup;
			children = (
				0FA616EA7EC0EB34396CA9DD /* Pods_Combinestagram.framework */,
			);
			name = Frameworks;
			sourceTree = "<group>";
		};
		C5F1D4B021543C05004E5D2A = {
			isa = PBXGroup;
			children = (
				C5F1D4BB21543C05004E5D2A /* Combinestagram */,
				C5F1D4BA21543C05004E5D2A /* Products */,
				2C1E171787823064C0CD8970 /* Pods */,
				80BA6797250C908AEE815D18 /* Frameworks */,
			);
			sourceTree = "<group>";
		};
		C5F1D4BA21543C05004E5D2A /* Products */ = {
			isa = PBXGroup;
			children = (
				C5F1D4B921543C05004E5D2A /* Combinestagram.app */,
			);
			name = Products;
			sourceTree = "<group>";
		};
		C5F1D4BB21543C05004E5D2A /* Combinestagram */ = {
			isa = PBXGroup;
			children = (
				C5F1D4BC21543C05004E5D2A /* AppDelegate.swift */,
				C5F1D4BE21543C05004E5D2A /* MainViewController.swift */,
				C564810A2156F26300DF102D /* PhotosViewController.swift */,
				C564810C21583D0F00DF102D /* PhotoCell.swift */,
				C5648108215445BD00DF102D /* UIImage+Collage.swift */,
				C5F691242158DB0100853762 /* PhotoWriter.swift */,
				C504AD1A215B66C000844C77 /* UIViewController+Rx.swift */,
				C5F1D4C021543C05004E5D2A /* Main.storyboard */,
				C5F1D4C321543C06004E5D2A /* Assets.xcassets */,
				C5F1D4C521543C06004E5D2A /* LaunchScreen.storyboard */,
				C5F1D4C821543C06004E5D2A /* Info.plist */,
			);
			path = Combinestagram;
			sourceTree = "<group>";
		};
/* End PBXGroup section */

/* Begin PBXNativeTarget section */
		C5F1D4B821543C05004E5D2A /* Combinestagram */ = {
			isa = PBXNativeTarget;
			buildConfigurationList = C5F1D4CB21543C06004E5D2A /* Build configuration list for PBXNativeTarget "Combinestagram" */;
			buildPhases = (
				438AA981415DED84C9373810 /* [CP] Check Pods Manifest.lock */,
				C5F1D4B521543C05004E5D2A /* Sources */,
				C5F1D4B621543C05004E5D2A /* Frameworks */,
				C5F1D4B721543C05004E5D2A /* Resources */,
				2D277F7FA1FEF7D0D096BC52 /* [CP] Embed Pods Frameworks */,
			);
			buildRules = (
			);
			dependencies = (
			);
			name = Combinestagram;
			productName = Combinestagram;
			productReference = C5F1D4B921543C05004E5D2A /* Combinestagram.app */;
			productType = "com.apple.product-type.application";
		};
/* End PBXNativeTarget section */

/* Begin PBXProject section */
		C5F1D4B121543C05004E5D2A /* Project object */ = {
			isa = PBXProject;
			attributes = {
				LastSwiftUpdateCheck = 1000;
				LastUpgradeCheck = 1000;
				ORGANIZATIONNAME = Enrica;
				TargetAttributes = {
					C5F1D4B821543C05004E5D2A = {
						CreatedOnToolsVersion = 10.0;
					};
				};
			};
			buildConfigurationList = C5F1D4B421543C05004E5D2A /* Build configuration list for PBXProject "Combinestagram" */;
			compatibilityVersion = "Xcode 9.3";
			developmentRegion = en;
			hasScannedForEncodings = 0;
			knownRegions = (
				en,
				Base,
			);
			mainGroup = C5F1D4B021543C05004E5D2A;
			productRefGroup = C5F1D4BA21543C05004E5D2A /* Products */;
			projectDirPath = "";
			projectRoot = "";
			targets = (
				C5F1D4B821543C05004E5D2A /* Combinestagram */,
			);
		};
/* End PBXProject section */

/* Begin PBXResourcesBuildPhase section */
		C5F1D4B721543C05004E5D2A /* Resources */ = {
			isa = PBXResourcesBuildPhase;
			buildActionMask = 2147483647;
			files = (
				C5F1D4C721543C06004E5D2A /* LaunchScreen.storyboard in Resources */,
				C5F1D4C421543C06004E5D2A /* Assets.xcassets in Resources */,
				C5F1D4C221543C05004E5D2A /* Main.storyboard in Resources */,
			);
			runOnlyForDeploymentPostprocessing = 0;
		};
/* End PBXResourcesBuildPhase section */

/* Begin PBXShellScriptBuildPhase section */
		2D277F7FA1FEF7D0D096BC52 /* [CP] Embed Pods Frameworks */ = {
			isa = PBXShellScriptBuildPhase;
			buildActionMask = 2147483647;
			files = (
			);
			inputFileListPaths = (
			);
			inputPaths = (
				"${SRCROOT}/Pods/Target Support Files/Pods-Combinestagram/Pods-Combinestagram-frameworks.sh",
				"${BUILT_PRODUCTS_DIR}/RxSwift/RxSwift.framework",
			);
			name = "[CP] Embed Pods Frameworks";
			outputFileListPaths = (
			);
			outputPaths = (
				"${TARGET_BUILD_DIR}/${FRAMEWORKS_FOLDER_PATH}/RxSwift.framework",
			);
			runOnlyForDeploymentPostprocessing = 0;
			shellPath = /bin/sh;
			shellScript = "\"${SRCROOT}/Pods/Target Support Files/Pods-Combinestagram/Pods-Combinestagram-frameworks.sh\"\n";
			showEnvVarsInLog = 0;
		};
		438AA981415DED84C9373810 /* [CP] Check Pods Manifest.lock */ = {
			isa = PBXShellScriptBuildPhase;
			buildActionMask = 2147483647;
			files = (
			);
			inputFileListPaths = (
			);
			inputPaths = (
				"${PODS_PODFILE_DIR_PATH}/Podfile.lock",
				"${PODS_ROOT}/Manifest.lock",
			);
			name = "[CP] Check Pods Manifest.lock";
			outputFileListPaths = (
			);
			outputPaths = (
				"$(DERIVED_FILE_DIR)/Pods-Combinestagram-checkManifestLockResult.txt",
			);
			runOnlyForDeploymentPostprocessing = 0;
			shellPath = /bin/sh;
			shellScript = "diff \"${PODS_PODFILE_DIR_PATH}/Podfile.lock\" \"${PODS_ROOT}/Manifest.lock\" > /dev/null\nif [ $? != 0 ] ; then\n    # print error to STDERR\n    echo \"error: The sandbox is not in sync with the Podfile.lock. Run 'pod install' or update your CocoaPods installation.\" >&2\n    exit 1\nfi\n# This output is used by Xcode 'outputs' to avoid re-running this script phase.\necho \"SUCCESS\" > \"${SCRIPT_OUTPUT_FILE_0}\"\n";
			showEnvVarsInLog = 0;
		};
/* End PBXShellScriptBuildPhase section */

/* Begin PBXSourcesBuildPhase section */
		C5F1D4B521543C05004E5D2A /* Sources */ = {
			isa = PBXSourcesBuildPhase;
			buildActionMask = 2147483647;
			files = (
				C5F1D4BF21543C05004E5D2A /* MainViewController.swift in Sources */,
				C564810D21583D0F00DF102D /* PhotoCell.swift in Sources */,
				C5648109215445BD00DF102D /* UIImage+Collage.swift in Sources */,
				C5F691252158DB0100853762 /* PhotoWriter.swift in Sources */,
				C564810B2156F26300DF102D /* PhotosViewController.swift in Sources */,
				C5F1D4BD21543C05004E5D2A /* AppDelegate.swift in Sources */,
				C504AD1B215B66C000844C77 /* UIViewController+Rx.swift in Sources */,
			);
			runOnlyForDeploymentPostprocessing = 0;
		};
/* End PBXSourcesBuildPhase section */

/* Begin PBXVariantGroup section */
		C5F1D4C021543C05004E5D2A /* Main.storyboard */ = {
			isa = PBXVariantGroup;
			children = (
				C5F1D4C121543C05004E5D2A /* Base */,
			);
			name = Main.storyboard;
			sourceTree = "<group>";
		};
		C5F1D4C521543C06004E5D2A /* LaunchScreen.storyboard */ = {
			isa = PBXVariantGroup;
			children = (
				C5F1D4C621543C06004E5D2A /* Base */,
			);
			name = LaunchScreen.storyboard;
			sourceTree = "<group>";
		};
/* End PBXVariantGroup section */

/* Begin XCBuildConfiguration section */
		C5F1D4C921543C06004E5D2A /* Debug */ = {
			isa = XCBuildConfiguration;
			buildSettings = {
				ALWAYS_SEARCH_USER_PATHS = NO;
				CLANG_ANALYZER_NONNULL = YES;
				CLANG_ANALYZER_NUMBER_OBJECT_CONVERSION = YES_AGGRESSIVE;
				CLANG_CXX_LANGUAGE_STANDARD = "gnu++14";
				CLANG_CXX_LIBRARY = "libc++";
				CLANG_ENABLE_MODULES = YES;
				CLANG_ENABLE_OBJC_ARC = YES;
				CLANG_ENABLE_OBJC_WEAK = YES;
				CLANG_WARN_BLOCK_CAPTURE_AUTORELEASING = YES;
				CLANG_WARN_BOOL_CONVERSION = YES;
				CLANG_WARN_COMMA = YES;
				CLANG_WARN_CONSTANT_CONVERSION = YES;
				CLANG_WARN_DEPRECATED_OBJC_IMPLEMENTATIONS = YES;
				CLANG_WARN_DIRECT_OBJC_ISA_USAGE = YES_ERROR;
				CLANG_WARN_DOCUMENTATION_COMMENTS = YES;
				CLANG_WARN_EMPTY_BODY = YES;
				CLANG_WARN_ENUM_CONVERSION = YES;
				CLANG_WARN_INFINITE_RECURSION = YES;
				CLANG_WARN_INT_CONVERSION = YES;
				CLANG_WARN_NON_LITERAL_NULL_CONVERSION = YES;
				CLANG_WARN_OBJC_IMPLICIT_RETAIN_SELF = YES;
				CLANG_WARN_OBJC_LITERAL_CONVERSION = YES;
				CLANG_WARN_OBJC_ROOT_CLASS = YES_ERROR;
				CLANG_WARN_RANGE_LOOP_ANALYSIS = YES;
				CLANG_WARN_STRICT_PROTOTYPES = YES;
				CLANG_WARN_SUSPICIOUS_MOVE = YES;
				CLANG_WARN_UNGUARDED_AVAILABILITY = YES_AGGRESSIVE;
				CLANG_WARN_UNREACHABLE_CODE = YES;
				CLANG_WARN__DUPLICATE_METHOD_MATCH = YES;
				CODE_SIGN_IDENTITY = "iPhone Developer";
				COPY_PHASE_STRIP = NO;
				DEBUG_INFORMATION_FORMAT = dwarf;
				ENABLE_STRICT_OBJC_MSGSEND = YES;
				ENABLE_TESTABILITY = YES;
				GCC_C_LANGUAGE_STANDARD = gnu11;
				GCC_DYNAMIC_NO_PIC = NO;
				GCC_NO_COMMON_BLOCKS = YES;
				GCC_OPTIMIZATION_LEVEL = 0;
				GCC_PREPROCESSOR_DEFINITIONS = (
					"DEBUG=1",
					"$(inherited)",
				);
				GCC_WARN_64_TO_32_BIT_CONVERSION = YES;
				GCC_WARN_ABOUT_RETURN_TYPE = YES_ERROR;
				GCC_WARN_UNDECLARED_SELECTOR = YES;
				GCC_WARN_UNINITIALIZED_AUTOS = YES_AGGRESSIVE;
				GCC_WARN_UNUSED_FUNCTION = YES;
				GCC_WARN_UNUSED_VARIABLE = YES;
				IPHONEOS_DEPLOYMENT_TARGET = 12.0;
				MTL_ENABLE_DEBUG_INFO = INCLUDE_SOURCE;
				MTL_FAST_MATH = YES;
				ONLY_ACTIVE_ARCH = YES;
				SDKROOT = iphoneos;
				SWIFT_ACTIVE_COMPILATION_CONDITIONS = DEBUG;
				SWIFT_OPTIMIZATION_LEVEL = "-Onone";
			};
			name = Debug;
		};
		C5F1D4CA21543C06004E5D2A /* Release */ = {
			isa = XCBuildConfiguration;
			buildSettings = {
				ALWAYS_SEARCH_USER_PATHS = NO;
				CLANG_ANALYZER_NONNULL = YES;
				CLANG_ANALYZER_NUMBER_OBJECT_CONVERSION = YES_AGGRESSIVE;
				CLANG_CXX_LANGUAGE_STANDARD = "gnu++14";
				CLANG_CXX_LIBRARY = "libc++";
				CLANG_ENABLE_MODULES = YES;
				CLANG_ENABLE_OBJC_ARC = YES;
				CLANG_ENABLE_OBJC_WEAK = YES;
				CLANG_WARN_BLOCK_CAPTURE_AUTORELEASING = YES;
				CLANG_WARN_BOOL_CONVERSION = YES;
				CLANG_WARN_COMMA = YES;
				CLANG_WARN_CONSTANT_CONVERSION = YES;
				CLANG_WARN_DEPRECATED_OBJC_IMPLEMENTATIONS = YES;
				CLANG_WARN_DIRECT_OBJC_ISA_USAGE = YES_ERROR;
				CLANG_WARN_DOCUMENTATION_COMMENTS = YES;
				CLANG_WARN_EMPTY_BODY = YES;
				CLANG_WARN_ENUM_CONVERSION = YES;
				CLANG_WARN_INFINITE_RECURSION = YES;
				CLANG_WARN_INT_CONVERSION = YES;
				CLANG_WARN_NON_LITERAL_NULL_CONVERSION = YES;
				CLANG_WARN_OBJC_IMPLICIT_RETAIN_SELF = YES;
				CLANG_WARN_OBJC_LITERAL_CONVERSION = YES;
				CLANG_WARN_OBJC_ROOT_CLASS = YES_ERROR;
				CLANG_WARN_RANGE_LOOP_ANALYSIS = YES;
				CLANG_WARN_STRICT_PROTOTYPES = YES;
				CLANG_WARN_SUSPICIOUS_MOVE = YES;
				CLANG_WARN_UNGUARDED_AVAILABILITY = YES_AGGRESSIVE;
				CLANG_WARN_UNREACHABLE_CODE = YES;
				CLANG_WARN__DUPLICATE_METHOD_MATCH = YES;
				CODE_SIGN_IDENTITY = "iPhone Developer";
				COPY_PHASE_STRIP = NO;
				DEBUG_INFORMATION_FORMAT = "dwarf-with-dsym";
				ENABLE_NS_ASSERTIONS = NO;
				ENABLE_STRICT_OBJC_MSGSEND = YES;
				GCC_C_LANGUAGE_STANDARD = gnu11;
				GCC_NO_COMMON_BLOCKS = YES;
				GCC_WARN_64_TO_32_BIT_CONVERSION = YES;
				GCC_WARN_ABOUT_RETURN_TYPE = YES_ERROR;
				GCC_WARN_UNDECLARED_SELECTOR = YES;
				GCC_WARN_UNINITIALIZED_AUTOS = YES_AGGRESSIVE;
				GCC_WARN_UNUSED_FUNCTION = YES;
				GCC_WARN_UNUSED_VARIABLE = YES;
				IPHONEOS_DEPLOYMENT_TARGET = 12.0;
				MTL_ENABLE_DEBUG_INFO = NO;
				MTL_FAST_MATH = YES;
				SDKROOT = iphoneos;
				SWIFT_COMPILATION_MODE = wholemodule;
				SWIFT_OPTIMIZATION_LEVEL = "-O";
				VALIDATE_PRODUCT = YES;
			};
			name = Release;
		};
		C5F1D4CC21543C06004E5D2A /* Debug */ = {
			isa = XCBuildConfiguration;
			baseConfigurationReference = 5C3BE20CC87CC1B0A87ABAB9 /* Pods-Combinestagram.debug.xcconfig */;
			buildSettings = {
				ASSETCATALOG_COMPILER_APPICON_NAME = AppIcon;
				CODE_SIGN_STYLE = Automatic;
				DEVELOPMENT_TEAM = DVFNW8928B;
				INFOPLIST_FILE = Combinestagram/Info.plist;
				LD_RUNPATH_SEARCH_PATHS = (
					"$(inherited)",
					"@executable_path/Frameworks",
				);
				PRODUCT_BUNDLE_IDENTIFIER = cn.imemyself.Combinestagram;
				PRODUCT_NAME = "$(TARGET_NAME)";
				SWIFT_VERSION = 4.2;
				TARGETED_DEVICE_FAMILY = "1,2";
			};
			name = Debug;
		};
		C5F1D4CD21543C06004E5D2A /* Release */ = {
			isa = XCBuildConfiguration;
			baseConfigurationReference = 9F578B1007C5EF4ADDC12E53 /* Pods-Combinestagram.release.xcconfig */;
			buildSettings = {
				ASSETCATALOG_COMPILER_APPICON_NAME = AppIcon;
				CODE_SIGN_STYLE = Automatic;
				DEVELOPMENT_TEAM = DVFNW8928B;
				INFOPLIST_FILE = Combinestagram/Info.plist;
				LD_RUNPATH_SEARCH_PATHS = (
					"$(inherited)",
					"@executable_path/Frameworks",
				);
				PRODUCT_BUNDLE_IDENTIFIER = cn.imemyself.Combinestagram;
				PRODUCT_NAME = "$(TARGET_NAME)";
				SWIFT_VERSION = 4.2;
				TARGETED_DEVICE_FAMILY = "1,2";
			};
			name = Release;
		};
/* End XCBuildConfiguration section */

/* Begin XCConfigurationList section */
		C5F1D4B421543C05004E5D2A /* Build configuration list for PBXProject "Combinestagram" */ = {
			isa = XCConfigurationList;
			buildConfigurations = (
				C5F1D4C921543C06004E5D2A /* Debug */,
				C5F1D4CA21543C06004E5D2A /* Release */,
			);
			defaultConfigurationIsVisible = 0;
			defaultConfigurationName = Release;
		};
		C5F1D4CB21543C06004E5D2A /* Build configuration list for PBXNativeTarget "Combinestagram" */ = {
			isa = XCConfigurationList;
			buildConfigurations = (
				C5F1D4CC21543C06004E5D2A /* Debug */,
				C5F1D4CD21543C06004E5D2A /* Release */,
			);
			defaultConfigurationIsVisible = 0;
			defaultConfigurationName = Release;
		};
/* End XCConfigurationList section */
	};
	rootObject = C5F1D4B121543C05004E5D2A /* Project object */;
}
