// !$*UTF8*$!
{
	archiveVersion = 1;
	classes = {
	};
	objectVersion = 50;
	objects = {

/* Begin PBXBuildFile section */
		C1E12497F4C71A17FCF3899E /* Pods_Subjects.framework in Frameworks */ = {isa = PBXBuildFile; fileRef = 04BA353891074618E4FDBF93 /* Pods_Subjects.framework */; };
		C5EBED7E21991E9800CED246 /* AppDelegate.swift in Sources */ = {isa = PBXBuildFile; fileRef = C5EBED7D21991E9800CED246 /* AppDelegate.swift */; };
		C5EBED8021991E9800CED246 /* ViewController.swift in Sources */ = {isa = PBXBuildFile; fileRef = C5EBED7F21991E9800CED246 /* ViewController.swift */; };
		C5EBED8321991E9800CED246 /* Main.storyboard in Resources */ = {isa = PBXBuildFile; fileRef = C5EBED8121991E9800CED246 /* Main.storyboard */; };
		C5EBED8521991E9B00CED246 /* Assets.xcassets in Resources */ = {isa = PBXBuildFile; fileRef = C5EBED8421991E9B00CED246 /* Assets.xcassets */; };
		C5EBED8821991E9B00CED246 /* LaunchScreen.storyboard in Resources */ = {isa = PBXBuildFile; fileRef = C5EBED8621991E9B00CED246 /* LaunchScreen.storyboard */; };
/* End PBXBuildFile section */

/* Begin PBXFileReference section */
		04BA353891074618E4FDBF93 /* Pods_Subjects.framework */ = {isa = PBXFileReference; explicitFileType = wrapper.framework; includeInIndex = 0; path = Pods_Subjects.framework; sourceTree = BUILT_PRODUCTS_DIR; };
		1FA62C590C14E2FB1C17EE5D /* Pods-Subjects.release.xcconfig */ = {isa = PBXFileReference; includeInIndex = 1; lastKnownFileType = text.xcconfig; name = "Pods-Subjects.release.xcconfig"; path = "Pods/Target Support Files/Pods-Subjects/Pods-Subjects.release.xcconfig"; sourceTree = "<group>"; };
		618C191BDB2417B8BC424D1F /* Pods-Subjects.debug.xcconfig */ = {isa = PBXFileReference; includeInIndex = 1; lastKnownFileType = text.xcconfig; name = "Pods-Subjects.debug.xcconfig"; path = "Pods/Target Support Files/Pods-Subjects/Pods-Subjects.debug.xcconfig"; sourceTree = "<group>"; };
		C5EBED7A21991E9800CED246 /* Subjects.app */ = {isa = PBXFileReference; explicitFileType = wrapper.application; includeInIndex = 0; path = Subjects.app; sourceTree = BUILT_PRODUCTS_DIR; };
		C5EBED7D21991E9800CED246 /* AppDelegate.swift */ = {isa = PBXFileReference; lastKnownFileType = sourcecode.swift; path = AppDelegate.swift; sourceTree = "<group>"; };
		C5EBED7F21991E9800CED246 /* ViewController.swift */ = {isa = PBXFileReference; lastKnownFileType = sourcecode.swift; path = ViewController.swift; sourceTree = "<group>"; };
		C5EBED8221991E9800CED246 /* Base */ = {isa = PBXFileReference; lastKnownFileType = file.storyboard; name = Base; path = Base.lproj/Main.storyboard; sourceTree = "<group>"; };
		C5EBED8421991E9B00CED246 /* Assets.xcassets */ = {isa = PBXFileReference; lastKnownFileType = folder.assetcatalog; path = Assets.xcassets; sourceTree = "<group>"; };
		C5EBED8721991E9B00CED246 /* Base */ = {isa = PBXFileReference; lastKnownFileType = file.storyboard; name = Base; path = Base.lproj/LaunchScreen.storyboard; sourceTree = "<group>"; };
		C5EBED8921991E9B00CED246 /* Info.plist */ = {isa = PBXFileReference; lastKnownFileType = text.plist.xml; path = Info.plist; sourceTree = "<group>"; };
		C5EBED8F2199238E00CED246 /* Subjects.playground */ = {isa = PBXFileReference; lastKnownFileType = file.playground; path = Subjects.playground; sourceTree = "<group>"; xcLanguageSpecificationIdentifier = xcode.lang.swift; };
/* End PBXFileReference section */

/* Begin PBXFrameworksBuildPhase section */
		C5EBED7721991E9800CED246 /* Frameworks */ = {
			isa = PBXFrameworksBuildPhase;
			buildActionMask = 2147483647;
			files = (
				C1E12497F4C71A17FCF3899E /* Pods_Subjects.framework in Frameworks */,
			);
			runOnlyForDeploymentPostprocessing = 0;
		};
/* End PBXFrameworksBuildPhase section */

/* Begin PBXGroup section */
		08D71E1EC46CFEE509D0CE97 /* Frameworks */ = {
			isa = PBXGroup;
			children = (
				04BA353891074618E4FDBF93 /* Pods_Subjects.framework */,
			);
			name = Frameworks;
			sourceTree = "<group>";
		};
		247810D3AB9660A682A71110 /* Pods */ = {
			isa = PBXGroup;
			children = (
				618C191BDB2417B8BC424D1F /* Pods-Subjects.debug.xcconfig */,
				1FA62C590C14E2FB1C17EE5D /* Pods-Subjects.release.xcconfig */,
			);
			name = Pods;
			sourceTree = "<group>";
		};
		C5EBED7121991E9800CED246 = {
			isa = PBXGroup;
			children = (
				C5EBED8F2199238E00CED246 /* Subjects.playground */,
				C5EBED7C21991E9800CED246 /* Subjects */,
				C5EBED7B21991E9800CED246 /* Products */,
				247810D3AB9660A682A71110 /* Pods */,
				08D71E1EC46CFEE509D0CE97 /* Frameworks */,
			);
			sourceTree = "<group>";
		};
		C5EBED7B21991E9800CED246 /* Products */ = {
			isa = PBXGroup;
			children = (
				C5EBED7A21991E9800CED246 /* Subjects.app */,
			);
			name = Products;
			sourceTree = "<group>";
		};
		C5EBED7C21991E9800CED246 /* Subjects */ = {
			isa = PBXGroup;
			children = (
				C5EBED7D21991E9800CED246 /* AppDelegate.swift */,
				C5EBED7F21991E9800CED246 /* ViewController.swift */,
				C5EBED8121991E9800CED246 /* Main.storyboard */,
				C5EBED8421991E9B00CED246 /* Assets.xcassets */,
				C5EBED8621991E9B00CED246 /* LaunchScreen.storyboard */,
				C5EBED8921991E9B00CED246 /* Info.plist */,
			);
			path = Subjects;
			sourceTree = "<group>";
		};
/* End PBXGroup section */

/* Begin PBXNativeTarget section */
		C5EBED7921991E9800CED246 /* Subjects */ = {
			isa = PBXNativeTarget;
			buildConfigurationList = C5EBED8C21991E9B00CED246 /* Build configuration list for PBXNativeTarget "Subjects" */;
			buildPhases = (
				B6546A334BC7A3F4D2F513DA /* [CP] Check Pods Manifest.lock */,
				C5EBED7621991E9800CED246 /* Sources */,
				C5EBED7721991E9800CED246 /* Frameworks */,
				C5EBED7821991E9800CED246 /* Resources */,
				6CC6F174C6C0FCC91CEF6B37 /* [CP] Embed Pods Frameworks */,
			);
			buildRules = (
			);
			dependencies = (
			);
			name = Subjects;
			productName = Subjects;
			productReference = C5EBED7A21991E9800CED246 /* Subjects.app */;
			productType = "com.apple.product-type.application";
		};
/* End PBXNativeTarget section */

/* Begin PBXProject section */
		C5EBED7221991E9800CED246 /* Project object */ = {
			isa = PBXProject;
			attributes = {
				LastSwiftUpdateCheck = 1010;
				LastUpgradeCheck = 1010;
				ORGANIZATIONNAME = Enrica;
				TargetAttributes = {
					C5EBED7921991E9800CED246 = {
						CreatedOnToolsVersion = 10.1;
					};
				};
			};
			buildConfigurationList = C5EBED7521991E9800CED246 /* Build configuration list for PBXProject "Subjects" */;
			compatibilityVersion = "Xcode 9.3";
			developmentRegion = en;
			hasScannedForEncodings = 0;
			knownRegions = (
				en,
				Base,
			);
			mainGroup = C5EBED7121991E9800CED246;
			productRefGroup = C5EBED7B21991E9800CED246 /* Products */;
			projectDirPath = "";
			projectRoot = "";
			targets = (
				C5EBED7921991E9800CED246 /* Subjects */,
			);
		};
/* End PBXProject section */

/* Begin PBXResourcesBuildPhase section */
		C5EBED7821991E9800CED246 /* Resources */ = {
			isa = PBXResourcesBuildPhase;
			buildActionMask = 2147483647;
			files = (
				C5EBED8821991E9B00CED246 /* LaunchScreen.storyboard in Resources */,
				C5EBED8521991E9B00CED246 /* Assets.xcassets in Resources */,
				C5EBED8321991E9800CED246 /* Main.storyboard in Resources */,
			);
			runOnlyForDeploymentPostprocessing = 0;
		};
/* End PBXResourcesBuildPhase section */

/* Begin PBXShellScriptBuildPhase section */
		6CC6F174C6C0FCC91CEF6B37 /* [CP] Embed Pods Frameworks */ = {
			isa = PBXShellScriptBuildPhase;
			buildActionMask = 2147483647;
			files = (
			);
			inputFileListPaths = (
			);
			inputPaths = (
				"${SRCROOT}/Pods/Target Support Files/Pods-Subjects/Pods-Subjects-frameworks.sh",
				"${BUILT_PRODUCTS_DIR}/RxCocoa/RxCocoa.framework",
				"${BUILT_PRODUCTS_DIR}/RxSwift/RxSwift.framework",
			);
			name = "[CP] Embed Pods Frameworks";
			outputFileListPaths = (
			);
			outputPaths = (
				"${TARGET_BUILD_DIR}/${FRAMEWORKS_FOLDER_PATH}/RxCocoa.framework",
				"${TARGET_BUILD_DIR}/${FRAMEWORKS_FOLDER_PATH}/RxSwift.framework",
			);
			runOnlyForDeploymentPostprocessing = 0;
			shellPath = /bin/sh;
			shellScript = "\"${SRCROOT}/Pods/Target Support Files/Pods-Subjects/Pods-Subjects-frameworks.sh\"\n";
			showEnvVarsInLog = 0;
		};
		B6546A334BC7A3F4D2F513DA /* [CP] Check Pods Manifest.lock */ = {
			isa = PBXShellScriptBuildPhase;
			buildActionMask = 2147483647;
			files = (
			);
			inputFileListPaths = (
			);
			inputPaths = (
				"${PODS_PODFILE_DIR_PATH}/Podfile.lock",
				"${PODS_ROOT}/Manifest.lock",
			);
			name = "[CP] Check Pods Manifest.lock";
			outputFileListPaths = (
			);
			outputPaths = (
				"$(DERIVED_FILE_DIR)/Pods-Subjects-checkManifestLockResult.txt",
			);
			runOnlyForDeploymentPostprocessing = 0;
			shellPath = /bin/sh;
			shellScript = "diff \"${PODS_PODFILE_DIR_PATH}/Podfile.lock\" \"${PODS_ROOT}/Manifest.lock\" > /dev/null\nif [ $? != 0 ] ; then\n    # print error to STDERR\n    echo \"error: The sandbox is not in sync with the Podfile.lock. Run 'pod install' or update your CocoaPods installation.\" >&2\n    exit 1\nfi\n# This output is used by Xcode 'outputs' to avoid re-running this script phase.\necho \"SUCCESS\" > \"${SCRIPT_OUTPUT_FILE_0}\"\n";
			showEnvVarsInLog = 0;
		};
/* End PBXShellScriptBuildPhase section */

/* Begin PBXSourcesBuildPhase section */
		C5EBED7621991E9800CED246 /* Sources */ = {
			isa = PBXSourcesBuildPhase;
			buildActionMask = 2147483647;
			files = (
				C5EBED8021991E9800CED246 /* ViewController.swift in Sources */,
				C5EBED7E21991E9800CED246 /* AppDelegate.swift in Sources */,
			);
			runOnlyForDeploymentPostprocessing = 0;
		};
/* End PBXSourcesBuildPhase section */

/* Begin PBXVariantGroup section */
		C5EBED8121991E9800CED246 /* Main.storyboard */ = {
			isa = PBXVariantGroup;
			children = (
				C5EBED8221991E9800CED246 /* Base */,
			);
			name = Main.storyboard;
			sourceTree = "<group>";
		};
		C5EBED8621991E9B00CED246 /* LaunchScreen.storyboard */ = {
			isa = PBXVariantGroup;
			children = (
				C5EBED8721991E9B00CED246 /* Base */,
			);
			name = LaunchScreen.storyboard;
			sourceTree = "<group>";
		};
/* End PBXVariantGroup section */

/* Begin XCBuildConfiguration section */
		C5EBED8A21991E9B00CED246 /* Debug */ = {
			isa = XCBuildConfiguration;
			buildSettings = {
				ALWAYS_SEARCH_USER_PATHS = NO;
				CLANG_ANALYZER_NONNULL = YES;
				CLANG_ANALYZER_NUMBER_OBJECT_CONVERSION = YES_AGGRESSIVE;
				CLANG_CXX_LANGUAGE_STANDARD = "gnu++14";
				CLANG_CXX_LIBRARY = "libc++";
				CLANG_ENABLE_MODULES = YES;
				CLANG_ENABLE_OBJC_ARC = YES;
				CLANG_ENABLE_OBJC_WEAK = YES;
				CLANG_WARN_BLOCK_CAPTURE_AUTORELEASING = YES;
				CLANG_WARN_BOOL_CONVERSION = YES;
				CLANG_WARN_COMMA = YES;
				CLANG_WARN_CONSTANT_CONVERSION = YES;
				CLANG_WARN_DEPRECATED_OBJC_IMPLEMENTATIONS = YES;
				CLANG_WARN_DIRECT_OBJC_ISA_USAGE = YES_ERROR;
				CLANG_WARN_DOCUMENTATION_COMMENTS = YES;
				CLANG_WARN_EMPTY_BODY = YES;
				CLANG_WARN_ENUM_CONVERSION = YES;
				CLANG_WARN_INFINITE_RECURSION = YES;
				CLANG_WARN_INT_CONVERSION = YES;
				CLANG_WARN_NON_LITERAL_NULL_CONVERSION = YES;
				CLANG_WARN_OBJC_IMPLICIT_RETAIN_SELF = YES;
				CLANG_WARN_OBJC_LITERAL_CONVERSION = YES;
				CLANG_WARN_OBJC_ROOT_CLASS = YES_ERROR;
				CLANG_WARN_RANGE_LOOP_ANALYSIS = YES;
				CLANG_WARN_STRICT_PROTOTYPES = YES;
				CLANG_WARN_SUSPICIOUS_MOVE = YES;
				CLANG_WARN_UNGUARDED_AVAILABILITY = YES_AGGRESSIVE;
				CLANG_WARN_UNREACHABLE_CODE = YES;
				CLANG_WARN__DUPLICATE_METHOD_MATCH = YES;
				CODE_SIGN_IDENTITY = "iPhone Developer";
				COPY_PHASE_STRIP = NO;
				DEBUG_INFORMATION_FORMAT = dwarf;
				ENABLE_STRICT_OBJC_MSGSEND = YES;
				ENABLE_TESTABILITY = YES;
				GCC_C_LANGUAGE_STANDARD = gnu11;
				GCC_DYNAMIC_NO_PIC = NO;
				GCC_NO_COMMON_BLOCKS = YES;
				GCC_OPTIMIZATION_LEVEL = 0;
				GCC_PREPROCESSOR_DEFINITIONS = (
					"DEBUG=1",
					"$(inherited)",
				);
				GCC_WARN_64_TO_32_BIT_CONVERSION = YES;
				GCC_WARN_ABOUT_RETURN_TYPE = YES_ERROR;
				GCC_WARN_UNDECLARED_SELECTOR = YES;
				GCC_WARN_UNINITIALIZED_AUTOS = YES_AGGRESSIVE;
				GCC_WARN_UNUSED_FUNCTION = YES;
				GCC_WARN_UNUSED_VARIABLE = YES;
				IPHONEOS_DEPLOYMENT_TARGET = 12.1;
				MTL_ENABLE_DEBUG_INFO = INCLUDE_SOURCE;
				MTL_FAST_MATH = YES;
				ONLY_ACTIVE_ARCH = YES;
				SDKROOT = iphoneos;
				SWIFT_ACTIVE_COMPILATION_CONDITIONS = DEBUG;
				SWIFT_OPTIMIZATION_LEVEL = "-Onone";
			};
			name = Debug;
		};
		C5EBED8B21991E9B00CED246 /* Release */ = {
			isa = XCBuildConfiguration;
			buildSettings = {
				ALWAYS_SEARCH_USER_PATHS = NO;
				CLANG_ANALYZER_NONNULL = YES;
				CLANG_ANALYZER_NUMBER_OBJECT_CONVERSION = YES_AGGRESSIVE;
				CLANG_CXX_LANGUAGE_STANDARD = "gnu++14";
				CLANG_CXX_LIBRARY = "libc++";
				CLANG_ENABLE_MODULES = YES;
				CLANG_ENABLE_OBJC_ARC = YES;
				CLANG_ENABLE_OBJC_WEAK = YES;
				CLANG_WARN_BLOCK_CAPTURE_AUTORELEASING = YES;
				CLANG_WARN_BOOL_CONVERSION = YES;
				CLANG_WARN_COMMA = YES;
				CLANG_WARN_CONSTANT_CONVERSION = YES;
				CLANG_WARN_DEPRECATED_OBJC_IMPLEMENTATIONS = YES;
				CLANG_WARN_DIRECT_OBJC_ISA_USAGE = YES_ERROR;
				CLANG_WARN_DOCUMENTATION_COMMENTS = YES;
				CLANG_WARN_EMPTY_BODY = YES;
				CLANG_WARN_ENUM_CONVERSION = YES;
				CLANG_WARN_INFINITE_RECURSION = YES;
				CLANG_WARN_INT_CONVERSION = YES;
				CLANG_WARN_NON_LITERAL_NULL_CONVERSION = YES;
				CLANG_WARN_OBJC_IMPLICIT_RETAIN_SELF = YES;
				CLANG_WARN_OBJC_LITERAL_CONVERSION = YES;
				CLANG_WARN_OBJC_ROOT_CLASS = YES_ERROR;
				CLANG_WARN_RANGE_LOOP_ANALYSIS = YES;
				CLANG_WARN_STRICT_PROTOTYPES = YES;
				CLANG_WARN_SUSPICIOUS_MOVE = YES;
				CLANG_WARN_UNGUARDED_AVAILABILITY = YES_AGGRESSIVE;
				CLANG_WARN_UNREACHABLE_CODE = YES;
				CLANG_WARN__DUPLICATE_METHOD_MATCH = YES;
				CODE_SIGN_IDENTITY = "iPhone Developer";
				COPY_PHASE_STRIP = NO;
				DEBUG_INFORMATION_FORMAT = "dwarf-with-dsym";
				ENABLE_NS_ASSERTIONS = NO;
				ENABLE_STRICT_OBJC_MSGSEND = YES;
				GCC_C_LANGUAGE_STANDARD = gnu11;
				GCC_NO_COMMON_BLOCKS = YES;
				GCC_WARN_64_TO_32_BIT_CONVERSION = YES;
				GCC_WARN_ABOUT_RETURN_TYPE = YES_ERROR;
				GCC_WARN_UNDECLARED_SELECTOR = YES;
				GCC_WARN_UNINITIALIZED_AUTOS = YES_AGGRESSIVE;
				GCC_WARN_UNUSED_FUNCTION = YES;
				GCC_WARN_UNUSED_VARIABLE = YES;
				IPHONEOS_DEPLOYMENT_TARGET = 12.1;
				MTL_ENABLE_DEBUG_INFO = NO;
				MTL_FAST_MATH = YES;
				SDKROOT = iphoneos;
				SWIFT_COMPILATION_MODE = wholemodule;
				SWIFT_OPTIMIZATION_LEVEL = "-O";
				VALIDATE_PRODUCT = YES;
			};
			name = Release;
		};
		C5EBED8D21991E9B00CED246 /* Debug */ = {
			isa = XCBuildConfiguration;
			baseConfigurationReference = 618C191BDB2417B8BC424D1F /* Pods-Subjects.debug.xcconfig */;
			buildSettings = {
				ASSETCATALOG_COMPILER_APPICON_NAME = AppIcon;
				CODE_SIGN_STYLE = Automatic;
				DEVELOPMENT_TEAM = DVFNW8928B;
				INFOPLIST_FILE = Subjects/Info.plist;
				LD_RUNPATH_SEARCH_PATHS = (
					"$(inherited)",
					"@executable_path/Frameworks",
				);
				PRODUCT_BUNDLE_IDENTIFIER = cn.imemyself.Subjects;
				PRODUCT_NAME = "$(TARGET_NAME)";
				SWIFT_VERSION = 4.2;
				TARGETED_DEVICE_FAMILY = "1,2";
			};
			name = Debug;
		};
		C5EBED8E21991E9B00CED246 /* Release */ = {
			isa = XCBuildConfiguration;
			baseConfigurationReference = 1FA62C590C14E2FB1C17EE5D /* Pods-Subjects.release.xcconfig */;
			buildSettings = {
				ASSETCATALOG_COMPILER_APPICON_NAME = AppIcon;
				CODE_SIGN_STYLE = Automatic;
				DEVELOPMENT_TEAM = DVFNW8928B;
				INFOPLIST_FILE = Subjects/Info.plist;
				LD_RUNPATH_SEARCH_PATHS = (
					"$(inherited)",
					"@executable_path/Frameworks",
				);
				PRODUCT_BUNDLE_IDENTIFIER = cn.imemyself.Subjects;
				PRODUCT_NAME = "$(TARGET_NAME)";
				SWIFT_VERSION = 4.2;
				TARGETED_DEVICE_FAMILY = "1,2";
			};
			name = Release;
		};
/* End XCBuildConfiguration section */

/* Begin XCConfigurationList section */
		C5EBED7521991E9800CED246 /* Build configuration list for PBXProject "Subjects" */ = {
			isa = XCConfigurationList;
			buildConfigurations = (
				C5EBED8A21991E9B00CED246 /* Debug */,
				C5EBED8B21991E9B00CED246 /* Release */,
			);
			defaultConfigurationIsVisible = 0;
			defaultConfigurationName = Release;
		};
		C5EBED8C21991E9B00CED246 /* Build configuration list for PBXNativeTarget "Subjects" */ = {
			isa = XCConfigurationList;
			buildConfigurations = (
				C5EBED8D21991E9B00CED246 /* Debug */,
				C5EBED8E21991E9B00CED246 /* Release */,
			);
			defaultConfigurationIsVisible = 0;
			defaultConfigurationName = Release;
		};
/* End XCConfigurationList section */
	};
	rootObject = C5EBED7221991E9800CED246 /* Project object */;
}
