// !$*UTF8*$!
{
	archiveVersion = 1;
	classes = {
	};
	objectVersion = 50;
	objects = {

/* Begin PBXBuildFile section */
		C547204920F6149D00D7FB93 /* AppDelegate.swift in Sources */ = {isa = PBXBuildFile; fileRef = C547204820F6149D00D7FB93 /* AppDelegate.swift */; };
		C547204B20F6149D00D7FB93 /* ViewController.swift in Sources */ = {isa = PBXBuildFile; fileRef = C547204A20F6149D00D7FB93 /* ViewController.swift */; };
		C547204E20F6149D00D7FB93 /* Main.storyboard in Resources */ = {isa = PBXBuildFile; fileRef = C547204C20F6149D00D7FB93 /* Main.storyboard */; };
		C547205020F6149F00D7FB93 /* Assets.xcassets in Resources */ = {isa = PBXBuildFile; fileRef = C547204F20F6149F00D7FB93 /* Assets.xcassets */; };
		C547205320F6149F00D7FB93 /* LaunchScreen.storyboard in Resources */ = {isa = PBXBuildFile; fileRef = C547205120F6149F00D7FB93 /* LaunchScreen.storyboard */; };
		C547205B20F6151200D7FB93 /* jumao.jpeg in Resources */ = {isa = PBXBuildFile; fileRef = C547205A20F6151200D7FB93 /* jumao.jpeg */; };
/* End PBXBuildFile section */

/* Begin PBXFileReference section */
		C547204520F6149D00D7FB93 /* 关键帧位移动画.app */ = {isa = PBXFileReference; explicitFileType = wrapper.application; includeInIndex = 0; path = "关键帧位移动画.app"; sourceTree = BUILT_PRODUCTS_DIR; };
		C547204820F6149D00D7FB93 /* AppDelegate.swift */ = {isa = PBXFileReference; lastKnownFileType = sourcecode.swift; path = AppDelegate.swift; sourceTree = "<group>"; };
		C547204A20F6149D00D7FB93 /* ViewController.swift */ = {isa = PBXFileReference; lastKnownFileType = sourcecode.swift; path = ViewController.swift; sourceTree = "<group>"; };
		C547204D20F6149D00D7FB93 /* Base */ = {isa = PBXFileReference; lastKnownFileType = file.storyboard; name = Base; path = Base.lproj/Main.storyboard; sourceTree = "<group>"; };
		C547204F20F6149F00D7FB93 /* Assets.xcassets */ = {isa = PBXFileReference; lastKnownFileType = folder.assetcatalog; path = Assets.xcassets; sourceTree = "<group>"; };
		C547205220F6149F00D7FB93 /* Base */ = {isa = PBXFileReference; lastKnownFileType = file.storyboard; name = Base; path = Base.lproj/LaunchScreen.storyboard; sourceTree = "<group>"; };
		C547205420F6149F00D7FB93 /* Info.plist */ = {isa = PBXFileReference; lastKnownFileType = text.plist.xml; path = Info.plist; sourceTree = "<group>"; };
		C547205A20F6151200D7FB93 /* jumao.jpeg */ = {isa = PBXFileReference; lastKnownFileType = image.jpeg; path = jumao.jpeg; sourceTree = "<group>"; };
/* End PBXFileReference section */

/* Begin PBXFrameworksBuildPhase section */
		C547204220F6149D00D7FB93 /* Frameworks */ = {
			isa = PBXFrameworksBuildPhase;
			buildActionMask = 2147483647;
			files = (
			);
			runOnlyForDeploymentPostprocessing = 0;
		};
/* End PBXFrameworksBuildPhase section */

/* Begin PBXGroup section */
		C547203C20F6149D00D7FB93 = {
			isa = PBXGroup;
			children = (
				C547204720F6149D00D7FB93 /* 关键帧位移动画 */,
				C547204620F6149D00D7FB93 /* Products */,
			);
			sourceTree = "<group>";
		};
		C547204620F6149D00D7FB93 /* Products */ = {
			isa = PBXGroup;
			children = (
				C547204520F6149D00D7FB93 /* 关键帧位移动画.app */,
			);
			name = Products;
			sourceTree = "<group>";
		};
		C547204720F6149D00D7FB93 /* 关键帧位移动画 */ = {
			isa = PBXGroup;
			children = (
				C547204820F6149D00D7FB93 /* AppDelegate.swift */,
				C547204A20F6149D00D7FB93 /* ViewController.swift */,
				C547204C20F6149D00D7FB93 /* Main.storyboard */,
				C547204F20F6149F00D7FB93 /* Assets.xcassets */,
				C547205120F6149F00D7FB93 /* LaunchScreen.storyboard */,
				C547205420F6149F00D7FB93 /* Info.plist */,
				C547205A20F6151200D7FB93 /* jumao.jpeg */,
			);
			path = "关键帧位移动画";
			sourceTree = "<group>";
		};
/* End PBXGroup section */

/* Begin PBXNativeTarget section */
		C547204420F6149D00D7FB93 /* 关键帧位移动画 */ = {
			isa = PBXNativeTarget;
			buildConfigurationList = C547205720F6149F00D7FB93 /* Build configuration list for PBXNativeTarget "关键帧位移动画" */;
			buildPhases = (
				C547204120F6149D00D7FB93 /* Sources */,
				C547204220F6149D00D7FB93 /* Frameworks */,
				C547204320F6149D00D7FB93 /* Resources */,
			);
			buildRules = (
			);
			dependencies = (
			);
			name = "关键帧位移动画";
			productName = "关键帧位移动画";
			productReference = C547204520F6149D00D7FB93 /* 关键帧位移动画.app */;
			productType = "com.apple.product-type.application";
		};
/* End PBXNativeTarget section */

/* Begin PBXProject section */
		C547203D20F6149D00D7FB93 /* Project object */ = {
			isa = PBXProject;
			attributes = {
				LastSwiftUpdateCheck = 1000;
				LastUpgradeCheck = 1000;
				ORGANIZATIONNAME = Enrica;
				TargetAttributes = {
					C547204420F6149D00D7FB93 = {
						CreatedOnToolsVersion = 10.0;
					};
				};
			};
			buildConfigurationList = C547204020F6149D00D7FB93 /* Build configuration list for PBXProject "关键帧位移动画" */;
			compatibilityVersion = "Xcode 9.3";
			developmentRegion = en;
			hasScannedForEncodings = 0;
			knownRegions = (
				en,
				Base,
			);
			mainGroup = C547203C20F6149D00D7FB93;
			productRefGroup = C547204620F6149D00D7FB93 /* Products */;
			projectDirPath = "";
			projectRoot = "";
			targets = (
				C547204420F6149D00D7FB93 /* 关键帧位移动画 */,
			);
		};
/* End PBXProject section */

/* Begin PBXResourcesBuildPhase section */
		C547204320F6149D00D7FB93 /* Resources */ = {
			isa = PBXResourcesBuildPhase;
			buildActionMask = 2147483647;
			files = (
				C547205320F6149F00D7FB93 /* LaunchScreen.storyboard in Resources */,
				C547205020F6149F00D7FB93 /* Assets.xcassets in Resources */,
				C547205B20F6151200D7FB93 /* jumao.jpeg in Resources */,
				C547204E20F6149D00D7FB93 /* Main.storyboard in Resources */,
			);
			runOnlyForDeploymentPostprocessing = 0;
		};
/* End PBXResourcesBuildPhase section */

/* Begin PBXSourcesBuildPhase section */
		C547204120F6149D00D7FB93 /* Sources */ = {
			isa = PBXSourcesBuildPhase;
			buildActionMask = 2147483647;
			files = (
				C547204B20F6149D00D7FB93 /* ViewController.swift in Sources */,
				C547204920F6149D00D7FB93 /* AppDelegate.swift in Sources */,
			);
			runOnlyForDeploymentPostprocessing = 0;
		};
/* End PBXSourcesBuildPhase section */

/* Begin PBXVariantGroup section */
		C547204C20F6149D00D7FB93 /* Main.storyboard */ = {
			isa = PBXVariantGroup;
			children = (
				C547204D20F6149D00D7FB93 /* Base */,
			);
			name = Main.storyboard;
			sourceTree = "<group>";
		};
		C547205120F6149F00D7FB93 /* LaunchScreen.storyboard */ = {
			isa = PBXVariantGroup;
			children = (
				C547205220F6149F00D7FB93 /* Base */,
			);
			name = LaunchScreen.storyboard;
			sourceTree = "<group>";
		};
/* End PBXVariantGroup section */

/* Begin XCBuildConfiguration section */
		C547205520F6149F00D7FB93 /* Debug */ = {
			isa = XCBuildConfiguration;
			buildSettings = {
				ALWAYS_SEARCH_USER_PATHS = NO;
				CLANG_ANALYZER_NONNULL = YES;
				CLANG_ANALYZER_NUMBER_OBJECT_CONVERSION = YES_AGGRESSIVE;
				CLANG_CXX_LANGUAGE_STANDARD = "gnu++14";
				CLANG_CXX_LIBRARY = "libc++";
				CLANG_ENABLE_MODULES = YES;
				CLANG_ENABLE_OBJC_ARC = YES;
				CLANG_ENABLE_OBJC_WEAK = YES;
				CLANG_WARN_BLOCK_CAPTURE_AUTORELEASING = YES;
				CLANG_WARN_BOOL_CONVERSION = YES;
				CLANG_WARN_COMMA = YES;
				CLANG_WARN_CONSTANT_CONVERSION = YES;
				CLANG_WARN_DEPRECATED_OBJC_IMPLEMENTATIONS = YES;
				CLANG_WARN_DIRECT_OBJC_ISA_USAGE = YES_ERROR;
				CLANG_WARN_DOCUMENTATION_COMMENTS = YES;
				CLANG_WARN_EMPTY_BODY = YES;
				CLANG_WARN_ENUM_CONVERSION = YES;
				CLANG_WARN_INFINITE_RECURSION = YES;
				CLANG_WARN_INT_CONVERSION = YES;
				CLANG_WARN_NON_LITERAL_NULL_CONVERSION = YES;
				CLANG_WARN_OBJC_IMPLICIT_RETAIN_SELF = YES;
				CLANG_WARN_OBJC_LITERAL_CONVERSION = YES;
				CLANG_WARN_OBJC_ROOT_CLASS = YES_ERROR;
				CLANG_WARN_RANGE_LOOP_ANALYSIS = YES;
				CLANG_WARN_STRICT_PROTOTYPES = YES;
				CLANG_WARN_SUSPICIOUS_MOVE = YES;
				CLANG_WARN_UNGUARDED_AVAILABILITY = YES_AGGRESSIVE;
				CLANG_WARN_UNREACHABLE_CODE = YES;
				CLANG_WARN__DUPLICATE_METHOD_MATCH = YES;
				CODE_SIGN_IDENTITY = "iPhone Developer";
				COPY_PHASE_STRIP = NO;
				DEBUG_INFORMATION_FORMAT = dwarf;
				ENABLE_STRICT_OBJC_MSGSEND = YES;
				ENABLE_TESTABILITY = YES;
				GCC_C_LANGUAGE_STANDARD = gnu11;
				GCC_DYNAMIC_NO_PIC = NO;
				GCC_NO_COMMON_BLOCKS = YES;
				GCC_OPTIMIZATION_LEVEL = 0;
				GCC_PREPROCESSOR_DEFINITIONS = (
					"DEBUG=1",
					"$(inherited)",
				);
				GCC_WARN_64_TO_32_BIT_CONVERSION = YES;
				GCC_WARN_ABOUT_RETURN_TYPE = YES_ERROR;
				GCC_WARN_UNDECLARED_SELECTOR = YES;
				GCC_WARN_UNINITIALIZED_AUTOS = YES_AGGRESSIVE;
				GCC_WARN_UNUSED_FUNCTION = YES;
				GCC_WARN_UNUSED_VARIABLE = YES;
				IPHONEOS_DEPLOYMENT_TARGET = 12.0;
				MTL_ENABLE_DEBUG_INFO = INCLUDE_SOURCE;
				MTL_FAST_MATH = YES;
				ONLY_ACTIVE_ARCH = YES;
				SDKROOT = iphoneos;
				SWIFT_ACTIVE_COMPILATION_CONDITIONS = DEBUG;
				SWIFT_OPTIMIZATION_LEVEL = "-Onone";
			};
			name = Debug;
		};
		C547205620F6149F00D7FB93 /* Release */ = {
			isa = XCBuildConfiguration;
			buildSettings = {
				ALWAYS_SEARCH_USER_PATHS = NO;
				CLANG_ANALYZER_NONNULL = YES;
				CLANG_ANALYZER_NUMBER_OBJECT_CONVERSION = YES_AGGRESSIVE;
				CLANG_CXX_LANGUAGE_STANDARD = "gnu++14";
				CLANG_CXX_LIBRARY = "libc++";
				CLANG_ENABLE_MODULES = YES;
				CLANG_ENABLE_OBJC_ARC = YES;
				CLANG_ENABLE_OBJC_WEAK = YES;
				CLANG_WARN_BLOCK_CAPTURE_AUTORELEASING = YES;
				CLANG_WARN_BOOL_CONVERSION = YES;
				CLANG_WARN_COMMA = YES;
				CLANG_WARN_CONSTANT_CONVERSION = YES;
				CLANG_WARN_DEPRECATED_OBJC_IMPLEMENTATIONS = YES;
				CLANG_WARN_DIRECT_OBJC_ISA_USAGE = YES_ERROR;
				CLANG_WARN_DOCUMENTATION_COMMENTS = YES;
				CLANG_WARN_EMPTY_BODY = YES;
				CLANG_WARN_ENUM_CONVERSION = YES;
				CLANG_WARN_INFINITE_RECURSION = YES;
				CLANG_WARN_INT_CONVERSION = YES;
				CLANG_WARN_NON_LITERAL_NULL_CONVERSION = YES;
				CLANG_WARN_OBJC_IMPLICIT_RETAIN_SELF = YES;
				CLANG_WARN_OBJC_LITERAL_CONVERSION = YES;
				CLANG_WARN_OBJC_ROOT_CLASS = YES_ERROR;
				CLANG_WARN_RANGE_LOOP_ANALYSIS = YES;
				CLANG_WARN_STRICT_PROTOTYPES = YES;
				CLANG_WARN_SUSPICIOUS_MOVE = YES;
				CLANG_WARN_UNGUARDED_AVAILABILITY = YES_AGGRESSIVE;
				CLANG_WARN_UNREACHABLE_CODE = YES;
				CLANG_WARN__DUPLICATE_METHOD_MATCH = YES;
				CODE_SIGN_IDENTITY = "iPhone Developer";
				COPY_PHASE_STRIP = NO;
				DEBUG_INFORMATION_FORMAT = "dwarf-with-dsym";
				ENABLE_NS_ASSERTIONS = NO;
				ENABLE_STRICT_OBJC_MSGSEND = YES;
				GCC_C_LANGUAGE_STANDARD = gnu11;
				GCC_NO_COMMON_BLOCKS = YES;
				GCC_WARN_64_TO_32_BIT_CONVERSION = YES;
				GCC_WARN_ABOUT_RETURN_TYPE = YES_ERROR;
				GCC_WARN_UNDECLARED_SELECTOR = YES;
				GCC_WARN_UNINITIALIZED_AUTOS = YES_AGGRESSIVE;
				GCC_WARN_UNUSED_FUNCTION = YES;
				GCC_WARN_UNUSED_VARIABLE = YES;
				IPHONEOS_DEPLOYMENT_TARGET = 12.0;
				MTL_ENABLE_DEBUG_INFO = NO;
				MTL_FAST_MATH = YES;
				SDKROOT = iphoneos;
				SWIFT_COMPILATION_MODE = wholemodule;
				SWIFT_OPTIMIZATION_LEVEL = "-O";
				VALIDATE_PRODUCT = YES;
			};
			name = Release;
		};
		C547205820F6149F00D7FB93 /* Debug */ = {
			isa = XCBuildConfiguration;
			buildSettings = {
				ASSETCATALOG_COMPILER_APPICON_NAME = AppIcon;
				CODE_SIGN_STYLE = Automatic;
				DEVELOPMENT_TEAM = DVFNW8928B;
				INFOPLIST_FILE = "关键帧位移动画/Info.plist";
				LD_RUNPATH_SEARCH_PATHS = (
					"$(inherited)",
					"@executable_path/Frameworks",
				);
				PRODUCT_BUNDLE_IDENTIFIER = "cn.imemyself.-------";
				PRODUCT_NAME = "$(TARGET_NAME)";
				SWIFT_VERSION = 4.2;
				TARGETED_DEVICE_FAMILY = "1,2";
			};
			name = Debug;
		};
		C547205920F6149F00D7FB93 /* Release */ = {
			isa = XCBuildConfiguration;
			buildSettings = {
				ASSETCATALOG_COMPILER_APPICON_NAME = AppIcon;
				CODE_SIGN_STYLE = Automatic;
				DEVELOPMENT_TEAM = DVFNW8928B;
				INFOPLIST_FILE = "关键帧位移动画/Info.plist";
				LD_RUNPATH_SEARCH_PATHS = (
					"$(inherited)",
					"@executable_path/Frameworks",
				);
				PRODUCT_BUNDLE_IDENTIFIER = "cn.imemyself.-------";
				PRODUCT_NAME = "$(TARGET_NAME)";
				SWIFT_VERSION = 4.2;
				TARGETED_DEVICE_FAMILY = "1,2";
			};
			name = Release;
		};
/* End XCBuildConfiguration section */

/* Begin XCConfigurationList section */
		C547204020F6149D00D7FB93 /* Build configuration list for PBXProject "关键帧位移动画" */ = {
			isa = XCConfigurationList;
			buildConfigurations = (
				C547205520F6149F00D7FB93 /* Debug */,
				C547205620F6149F00D7FB93 /* Release */,
			);
			defaultConfigurationIsVisible = 0;
			defaultConfigurationName = Release;
		};
		C547205720F6149F00D7FB93 /* Build configuration list for PBXNativeTarget "关键帧位移动画" */ = {
			isa = XCConfigurationList;
			buildConfigurations = (
				C547205820F6149F00D7FB93 /* Debug */,
				C547205920F6149F00D7FB93 /* Release */,
			);
			defaultConfigurationIsVisible = 0;
			defaultConfigurationName = Release;
		};
/* End XCConfigurationList section */
	};
	rootObject = C547203D20F6149D00D7FB93 /* Project object */;
}
