// !$*UTF8*$!
{
	archiveVersion = 1;
	classes = {
	};
	objectVersion = 50;
	objects = {

/* Begin PBXBuildFile section */
		6595F2C6C2C249FBBAADD8FE /* Pods_Transforming_Operators.framework in Frameworks */ = {isa = PBXBuildFile; fileRef = DB3B043A71300BB576772E50 /* Pods_Transforming_Operators.framework */; };
		C5D8F13921A765620031F6B3 /* AppDelegate.swift in Sources */ = {isa = PBXBuildFile; fileRef = C5D8F13821A765620031F6B3 /* AppDelegate.swift */; };
		C5D8F13B21A765620031F6B3 /* ViewController.swift in Sources */ = {isa = PBXBuildFile; fileRef = C5D8F13A21A765620031F6B3 /* ViewController.swift */; };
		C5D8F13E21A765620031F6B3 /* Main.storyboard in Resources */ = {isa = PBXBuildFile; fileRef = C5D8F13C21A765620031F6B3 /* Main.storyboard */; };
		C5D8F14021A765660031F6B3 /* Assets.xcassets in Resources */ = {isa = PBXBuildFile; fileRef = C5D8F13F21A765660031F6B3 /* Assets.xcassets */; };
		C5D8F14321A765660031F6B3 /* LaunchScreen.storyboard in Resources */ = {isa = PBXBuildFile; fileRef = C5D8F14121A765660031F6B3 /* LaunchScreen.storyboard */; };
/* End PBXBuildFile section */

/* Begin PBXFileReference section */
		43DE5A9C25BE864181763098 /* Pods-Transforming Operators.debug.xcconfig */ = {isa = PBXFileReference; includeInIndex = 1; lastKnownFileType = text.xcconfig; name = "Pods-Transforming Operators.debug.xcconfig"; path = "Pods/Target Support Files/Pods-Transforming Operators/Pods-Transforming Operators.debug.xcconfig"; sourceTree = "<group>"; };
		5F8F752F519C876AC97824F8 /* Pods-Transforming Operators.release.xcconfig */ = {isa = PBXFileReference; includeInIndex = 1; lastKnownFileType = text.xcconfig; name = "Pods-Transforming Operators.release.xcconfig"; path = "Pods/Target Support Files/Pods-Transforming Operators/Pods-Transforming Operators.release.xcconfig"; sourceTree = "<group>"; };
		C5D8F13521A765620031F6B3 /* Transforming Operators.app */ = {isa = PBXFileReference; explicitFileType = wrapper.application; includeInIndex = 0; path = "Transforming Operators.app"; sourceTree = BUILT_PRODUCTS_DIR; };
		C5D8F13821A765620031F6B3 /* AppDelegate.swift */ = {isa = PBXFileReference; lastKnownFileType = sourcecode.swift; path = AppDelegate.swift; sourceTree = "<group>"; };
		C5D8F13A21A765620031F6B3 /* ViewController.swift */ = {isa = PBXFileReference; lastKnownFileType = sourcecode.swift; path = ViewController.swift; sourceTree = "<group>"; };
		C5D8F13D21A765620031F6B3 /* Base */ = {isa = PBXFileReference; lastKnownFileType = file.storyboard; name = Base; path = Base.lproj/Main.storyboard; sourceTree = "<group>"; };
		C5D8F13F21A765660031F6B3 /* Assets.xcassets */ = {isa = PBXFileReference; lastKnownFileType = folder.assetcatalog; path = Assets.xcassets; sourceTree = "<group>"; };
		C5D8F14221A765660031F6B3 /* Base */ = {isa = PBXFileReference; lastKnownFileType = file.storyboard; name = Base; path = Base.lproj/LaunchScreen.storyboard; sourceTree = "<group>"; };
		C5D8F14421A765660031F6B3 /* Info.plist */ = {isa = PBXFileReference; lastKnownFileType = text.plist.xml; path = Info.plist; sourceTree = "<group>"; };
		C5D8F14A21A766380031F6B3 /* Transforming Operators.playground */ = {isa = PBXFileReference; lastKnownFileType = file.playground; path = "Transforming Operators.playground"; sourceTree = "<group>"; xcLanguageSpecificationIdentifier = xcode.lang.swift; };
		DB3B043A71300BB576772E50 /* Pods_Transforming_Operators.framework */ = {isa = PBXFileReference; explicitFileType = wrapper.framework; includeInIndex = 0; path = Pods_Transforming_Operators.framework; sourceTree = BUILT_PRODUCTS_DIR; };
/* End PBXFileReference section */

/* Begin PBXFrameworksBuildPhase section */
		C5D8F13221A765620031F6B3 /* Frameworks */ = {
			isa = PBXFrameworksBuildPhase;
			buildActionMask = 2147483647;
			files = (
				6595F2C6C2C249FBBAADD8FE /* Pods_Transforming_Operators.framework in Frameworks */,
			);
			runOnlyForDeploymentPostprocessing = 0;
		};
/* End PBXFrameworksBuildPhase section */

/* Begin PBXGroup section */
		8CB104ACA1B8C4B8ACCE62B5 /* Frameworks */ = {
			isa = PBXGroup;
			children = (
				DB3B043A71300BB576772E50 /* Pods_Transforming_Operators.framework */,
			);
			name = Frameworks;
			sourceTree = "<group>";
		};
		AB23E682D6F18F672D1783F3 /* Pods */ = {
			isa = PBXGroup;
			children = (
				43DE5A9C25BE864181763098 /* Pods-Transforming Operators.debug.xcconfig */,
				5F8F752F519C876AC97824F8 /* Pods-Transforming Operators.release.xcconfig */,
			);
			name = Pods;
			sourceTree = "<group>";
		};
		C5D8F12C21A765620031F6B3 = {
			isa = PBXGroup;
			children = (
				C5D8F14A21A766380031F6B3 /* Transforming Operators.playground */,
				C5D8F13721A765620031F6B3 /* Transforming Operators */,
				C5D8F13621A765620031F6B3 /* Products */,
				AB23E682D6F18F672D1783F3 /* Pods */,
				8CB104ACA1B8C4B8ACCE62B5 /* Frameworks */,
			);
			sourceTree = "<group>";
		};
		C5D8F13621A765620031F6B3 /* Products */ = {
			isa = PBXGroup;
			children = (
				C5D8F13521A765620031F6B3 /* Transforming Operators.app */,
			);
			name = Products;
			sourceTree = "<group>";
		};
		C5D8F13721A765620031F6B3 /* Transforming Operators */ = {
			isa = PBXGroup;
			children = (
				C5D8F13821A765620031F6B3 /* AppDelegate.swift */,
				C5D8F13A21A765620031F6B3 /* ViewController.swift */,
				C5D8F13C21A765620031F6B3 /* Main.storyboard */,
				C5D8F13F21A765660031F6B3 /* Assets.xcassets */,
				C5D8F14121A765660031F6B3 /* LaunchScreen.storyboard */,
				C5D8F14421A765660031F6B3 /* Info.plist */,
			);
			path = "Transforming Operators";
			sourceTree = "<group>";
		};
/* End PBXGroup section */

/* Begin PBXNativeTarget section */
		C5D8F13421A765620031F6B3 /* Transforming Operators */ = {
			isa = PBXNativeTarget;
			buildConfigurationList = C5D8F14721A765660031F6B3 /* Build configuration list for PBXNativeTarget "Transforming Operators" */;
			buildPhases = (
				DC4916DE93E2E63E1A8AA0B6 /* [CP] Check Pods Manifest.lock */,
				C5D8F13121A765620031F6B3 /* Sources */,
				C5D8F13221A765620031F6B3 /* Frameworks */,
				C5D8F13321A765620031F6B3 /* Resources */,
				8C3E3DB9F7ECBCF0A2EFD847 /* [CP] Embed Pods Frameworks */,
			);
			buildRules = (
			);
			dependencies = (
			);
			name = "Transforming Operators";
			productName = "Transforming Operators";
			productReference = C5D8F13521A765620031F6B3 /* Transforming Operators.app */;
			productType = "com.apple.product-type.application";
		};
/* End PBXNativeTarget section */

/* Begin PBXProject section */
		C5D8F12D21A765620031F6B3 /* Project object */ = {
			isa = PBXProject;
			attributes = {
				LastSwiftUpdateCheck = 1010;
				LastUpgradeCheck = 1010;
				ORGANIZATIONNAME = Enrica;
				TargetAttributes = {
					C5D8F13421A765620031F6B3 = {
						CreatedOnToolsVersion = 10.1;
					};
				};
			};
			buildConfigurationList = C5D8F13021A765620031F6B3 /* Build configuration list for PBXProject "Transforming Operators" */;
			compatibilityVersion = "Xcode 9.3";
			developmentRegion = en;
			hasScannedForEncodings = 0;
			knownRegions = (
				en,
				Base,
			);
			mainGroup = C5D8F12C21A765620031F6B3;
			productRefGroup = C5D8F13621A765620031F6B3 /* Products */;
			projectDirPath = "";
			projectRoot = "";
			targets = (
				C5D8F13421A765620031F6B3 /* Transforming Operators */,
			);
		};
/* End PBXProject section */

/* Begin PBXResourcesBuildPhase section */
		C5D8F13321A765620031F6B3 /* Resources */ = {
			isa = PBXResourcesBuildPhase;
			buildActionMask = 2147483647;
			files = (
				C5D8F14321A765660031F6B3 /* LaunchScreen.storyboard in Resources */,
				C5D8F14021A765660031F6B3 /* Assets.xcassets in Resources */,
				C5D8F13E21A765620031F6B3 /* Main.storyboard in Resources */,
			);
			runOnlyForDeploymentPostprocessing = 0;
		};
/* End PBXResourcesBuildPhase section */

/* Begin PBXShellScriptBuildPhase section */
		8C3E3DB9F7ECBCF0A2EFD847 /* [CP] Embed Pods Frameworks */ = {
			isa = PBXShellScriptBuildPhase;
			buildActionMask = 2147483647;
			files = (
			);
			inputFileListPaths = (
			);
			inputPaths = (
				"${SRCROOT}/Pods/Target Support Files/Pods-Transforming Operators/Pods-Transforming Operators-frameworks.sh",
				"${BUILT_PRODUCTS_DIR}/RxAtomic/RxAtomic.framework",
				"${BUILT_PRODUCTS_DIR}/RxSwift/RxSwift.framework",
			);
			name = "[CP] Embed Pods Frameworks";
			outputFileListPaths = (
			);
			outputPaths = (
				"${TARGET_BUILD_DIR}/${FRAMEWORKS_FOLDER_PATH}/RxAtomic.framework",
				"${TARGET_BUILD_DIR}/${FRAMEWORKS_FOLDER_PATH}/RxSwift.framework",
			);
			runOnlyForDeploymentPostprocessing = 0;
			shellPath = /bin/sh;
			shellScript = "\"${SRCROOT}/Pods/Target Support Files/Pods-Transforming Operators/Pods-Transforming Operators-frameworks.sh\"\n";
			showEnvVarsInLog = 0;
		};
		DC4916DE93E2E63E1A8AA0B6 /* [CP] Check Pods Manifest.lock */ = {
			isa = PBXShellScriptBuildPhase;
			buildActionMask = 2147483647;
			files = (
			);
			inputFileListPaths = (
			);
			inputPaths = (
				"${PODS_PODFILE_DIR_PATH}/Podfile.lock",
				"${PODS_ROOT}/Manifest.lock",
			);
			name = "[CP] Check Pods Manifest.lock";
			outputFileListPaths = (
			);
			outputPaths = (
				"$(DERIVED_FILE_DIR)/Pods-Transforming Operators-checkManifestLockResult.txt",
			);
			runOnlyForDeploymentPostprocessing = 0;
			shellPath = /bin/sh;
			shellScript = "diff \"${PODS_PODFILE_DIR_PATH}/Podfile.lock\" \"${PODS_ROOT}/Manifest.lock\" > /dev/null\nif [ $? != 0 ] ; then\n    # print error to STDERR\n    echo \"error: The sandbox is not in sync with the Podfile.lock. Run 'pod install' or update your CocoaPods installation.\" >&2\n    exit 1\nfi\n# This output is used by Xcode 'outputs' to avoid re-running this script phase.\necho \"SUCCESS\" > \"${SCRIPT_OUTPUT_FILE_0}\"\n";
			showEnvVarsInLog = 0;
		};
/* End PBXShellScriptBuildPhase section */

/* Begin PBXSourcesBuildPhase section */
		C5D8F13121A765620031F6B3 /* Sources */ = {
			isa = PBXSourcesBuildPhase;
			buildActionMask = 2147483647;
			files = (
				C5D8F13B21A765620031F6B3 /* ViewController.swift in Sources */,
				C5D8F13921A765620031F6B3 /* AppDelegate.swift in Sources */,
			);
			runOnlyForDeploymentPostprocessing = 0;
		};
/* End PBXSourcesBuildPhase section */

/* Begin PBXVariantGroup section */
		C5D8F13C21A765620031F6B3 /* Main.storyboard */ = {
			isa = PBXVariantGroup;
			children = (
				C5D8F13D21A765620031F6B3 /* Base */,
			);
			name = Main.storyboard;
			sourceTree = "<group>";
		};
		C5D8F14121A765660031F6B3 /* LaunchScreen.storyboard */ = {
			isa = PBXVariantGroup;
			children = (
				C5D8F14221A765660031F6B3 /* Base */,
			);
			name = LaunchScreen.storyboard;
			sourceTree = "<group>";
		};
/* End PBXVariantGroup section */

/* Begin XCBuildConfiguration section */
		C5D8F14521A765660031F6B3 /* Debug */ = {
			isa = XCBuildConfiguration;
			buildSettings = {
				ALWAYS_SEARCH_USER_PATHS = NO;
				CLANG_ANALYZER_NONNULL = YES;
				CLANG_ANALYZER_NUMBER_OBJECT_CONVERSION = YES_AGGRESSIVE;
				CLANG_CXX_LANGUAGE_STANDARD = "gnu++14";
				CLANG_CXX_LIBRARY = "libc++";
				CLANG_ENABLE_MODULES = YES;
				CLANG_ENABLE_OBJC_ARC = YES;
				CLANG_ENABLE_OBJC_WEAK = YES;
				CLANG_WARN_BLOCK_CAPTURE_AUTORELEASING = YES;
				CLANG_WARN_BOOL_CONVERSION = YES;
				CLANG_WARN_COMMA = YES;
				CLANG_WARN_CONSTANT_CONVERSION = YES;
				CLANG_WARN_DEPRECATED_OBJC_IMPLEMENTATIONS = YES;
				CLANG_WARN_DIRECT_OBJC_ISA_USAGE = YES_ERROR;
				CLANG_WARN_DOCUMENTATION_COMMENTS = YES;
				CLANG_WARN_EMPTY_BODY = YES;
				CLANG_WARN_ENUM_CONVERSION = YES;
				CLANG_WARN_INFINITE_RECURSION = YES;
				CLANG_WARN_INT_CONVERSION = YES;
				CLANG_WARN_NON_LITERAL_NULL_CONVERSION = YES;
				CLANG_WARN_OBJC_IMPLICIT_RETAIN_SELF = YES;
				CLANG_WARN_OBJC_LITERAL_CONVERSION = YES;
				CLANG_WARN_OBJC_ROOT_CLASS = YES_ERROR;
				CLANG_WARN_RANGE_LOOP_ANALYSIS = YES;
				CLANG_WARN_STRICT_PROTOTYPES = YES;
				CLANG_WARN_SUSPICIOUS_MOVE = YES;
				CLANG_WARN_UNGUARDED_AVAILABILITY = YES_AGGRESSIVE;
				CLANG_WARN_UNREACHABLE_CODE = YES;
				CLANG_WARN__DUPLICATE_METHOD_MATCH = YES;
				CODE_SIGN_IDENTITY = "iPhone Developer";
				COPY_PHASE_STRIP = NO;
				DEBUG_INFORMATION_FORMAT = dwarf;
				ENABLE_STRICT_OBJC_MSGSEND = YES;
				ENABLE_TESTABILITY = YES;
				GCC_C_LANGUAGE_STANDARD = gnu11;
				GCC_DYNAMIC_NO_PIC = NO;
				GCC_NO_COMMON_BLOCKS = YES;
				GCC_OPTIMIZATION_LEVEL = 0;
				GCC_PREPROCESSOR_DEFINITIONS = (
					"DEBUG=1",
					"$(inherited)",
				);
				GCC_WARN_64_TO_32_BIT_CONVERSION = YES;
				GCC_WARN_ABOUT_RETURN_TYPE = YES_ERROR;
				GCC_WARN_UNDECLARED_SELECTOR = YES;
				GCC_WARN_UNINITIALIZED_AUTOS = YES_AGGRESSIVE;
				GCC_WARN_UNUSED_FUNCTION = YES;
				GCC_WARN_UNUSED_VARIABLE = YES;
				IPHONEOS_DEPLOYMENT_TARGET = 12.1;
				MTL_ENABLE_DEBUG_INFO = INCLUDE_SOURCE;
				MTL_FAST_MATH = YES;
				ONLY_ACTIVE_ARCH = YES;
				SDKROOT = iphoneos;
				SWIFT_ACTIVE_COMPILATION_CONDITIONS = DEBUG;
				SWIFT_OPTIMIZATION_LEVEL = "-Onone";
			};
			name = Debug;
		};
		C5D8F14621A765660031F6B3 /* Release */ = {
			isa = XCBuildConfiguration;
			buildSettings = {
				ALWAYS_SEARCH_USER_PATHS = NO;
				CLANG_ANALYZER_NONNULL = YES;
				CLANG_ANALYZER_NUMBER_OBJECT_CONVERSION = YES_AGGRESSIVE;
				CLANG_CXX_LANGUAGE_STANDARD = "gnu++14";
				CLANG_CXX_LIBRARY = "libc++";
				CLANG_ENABLE_MODULES = YES;
				CLANG_ENABLE_OBJC_ARC = YES;
				CLANG_ENABLE_OBJC_WEAK = YES;
				CLANG_WARN_BLOCK_CAPTURE_AUTORELEASING = YES;
				CLANG_WARN_BOOL_CONVERSION = YES;
				CLANG_WARN_COMMA = YES;
				CLANG_WARN_CONSTANT_CONVERSION = YES;
				CLANG_WARN_DEPRECATED_OBJC_IMPLEMENTATIONS = YES;
				CLANG_WARN_DIRECT_OBJC_ISA_USAGE = YES_ERROR;
				CLANG_WARN_DOCUMENTATION_COMMENTS = YES;
				CLANG_WARN_EMPTY_BODY = YES;
				CLANG_WARN_ENUM_CONVERSION = YES;
				CLANG_WARN_INFINITE_RECURSION = YES;
				CLANG_WARN_INT_CONVERSION = YES;
				CLANG_WARN_NON_LITERAL_NULL_CONVERSION = YES;
				CLANG_WARN_OBJC_IMPLICIT_RETAIN_SELF = YES;
				CLANG_WARN_OBJC_LITERAL_CONVERSION = YES;
				CLANG_WARN_OBJC_ROOT_CLASS = YES_ERROR;
				CLANG_WARN_RANGE_LOOP_ANALYSIS = YES;
				CLANG_WARN_STRICT_PROTOTYPES = YES;
				CLANG_WARN_SUSPICIOUS_MOVE = YES;
				CLANG_WARN_UNGUARDED_AVAILABILITY = YES_AGGRESSIVE;
				CLANG_WARN_UNREACHABLE_CODE = YES;
				CLANG_WARN__DUPLICATE_METHOD_MATCH = YES;
				CODE_SIGN_IDENTITY = "iPhone Developer";
				COPY_PHASE_STRIP = NO;
				DEBUG_INFORMATION_FORMAT = "dwarf-with-dsym";
				ENABLE_NS_ASSERTIONS = NO;
				ENABLE_STRICT_OBJC_MSGSEND = YES;
				GCC_C_LANGUAGE_STANDARD = gnu11;
				GCC_NO_COMMON_BLOCKS = YES;
				GCC_WARN_64_TO_32_BIT_CONVERSION = YES;
				GCC_WARN_ABOUT_RETURN_TYPE = YES_ERROR;
				GCC_WARN_UNDECLARED_SELECTOR = YES;
				GCC_WARN_UNINITIALIZED_AUTOS = YES_AGGRESSIVE;
				GCC_WARN_UNUSED_FUNCTION = YES;
				GCC_WARN_UNUSED_VARIABLE = YES;
				IPHONEOS_DEPLOYMENT_TARGET = 12.1;
				MTL_ENABLE_DEBUG_INFO = NO;
				MTL_FAST_MATH = YES;
				SDKROOT = iphoneos;
				SWIFT_COMPILATION_MODE = wholemodule;
				SWIFT_OPTIMIZATION_LEVEL = "-O";
				VALIDATE_PRODUCT = YES;
			};
			name = Release;
		};
		C5D8F14821A765660031F6B3 /* Debug */ = {
			isa = XCBuildConfiguration;
			baseConfigurationReference = 43DE5A9C25BE864181763098 /* Pods-Transforming Operators.debug.xcconfig */;
			buildSettings = {
				ASSETCATALOG_COMPILER_APPICON_NAME = AppIcon;
				CODE_SIGN_STYLE = Automatic;
				DEVELOPMENT_TEAM = DVFNW8928B;
				INFOPLIST_FILE = "Transforming Operators/Info.plist";
				LD_RUNPATH_SEARCH_PATHS = (
					"$(inherited)",
					"@executable_path/Frameworks",
				);
				PRODUCT_BUNDLE_IDENTIFIER = "cn.imemyself.Transforming-Operators";
				PRODUCT_NAME = "$(TARGET_NAME)";
				SWIFT_VERSION = 4.2;
				TARGETED_DEVICE_FAMILY = "1,2";
			};
			name = Debug;
		};
		C5D8F14921A765660031F6B3 /* Release */ = {
			isa = XCBuildConfiguration;
			baseConfigurationReference = 5F8F752F519C876AC97824F8 /* Pods-Transforming Operators.release.xcconfig */;
			buildSettings = {
				ASSETCATALOG_COMPILER_APPICON_NAME = AppIcon;
				CODE_SIGN_STYLE = Automatic;
				DEVELOPMENT_TEAM = DVFNW8928B;
				INFOPLIST_FILE = "Transforming Operators/Info.plist";
				LD_RUNPATH_SEARCH_PATHS = (
					"$(inherited)",
					"@executable_path/Frameworks",
				);
				PRODUCT_BUNDLE_IDENTIFIER = "cn.imemyself.Transforming-Operators";
				PRODUCT_NAME = "$(TARGET_NAME)";
				SWIFT_VERSION = 4.2;
				TARGETED_DEVICE_FAMILY = "1,2";
			};
			name = Release;
		};
/* End XCBuildConfiguration section */

/* Begin XCConfigurationList section */
		C5D8F13021A765620031F6B3 /* Build configuration list for PBXProject "Transforming Operators" */ = {
			isa = XCConfigurationList;
			buildConfigurations = (
				C5D8F14521A765660031F6B3 /* Debug */,
				C5D8F14621A765660031F6B3 /* Release */,
			);
			defaultConfigurationIsVisible = 0;
			defaultConfigurationName = Release;
		};
		C5D8F14721A765660031F6B3 /* Build configuration list for PBXNativeTarget "Transforming Operators" */ = {
			isa = XCConfigurationList;
			buildConfigurations = (
				C5D8F14821A765660031F6B3 /* Debug */,
				C5D8F14921A765660031F6B3 /* Release */,
			);
			defaultConfigurationIsVisible = 0;
			defaultConfigurationName = Release;
		};
/* End XCConfigurationList section */
	};
	rootObject = C5D8F12D21A765620031F6B3 /* Project object */;
}
